
Microsoft Visual Studio Solution File, Format Version 12.00
# Visual Studio 15
VisualStudioVersion = 15.0.27130.2036
MinimumVisualStudioVersion = 10.0.40219.1
Project("{FAE04EC0-301F-11D3-BF4B-00C04F79EFBC}") = "DGame.Web", "DGame.Web\DGame.Web.csproj", "{8AE6D4C5-58D5-458E-8BC2-B8343BCDAE7F}"
EndProject
Project("{FAE04EC0-301F-11D3-BF4B-00C04F79EFBC}") = "DGame.Web.Services", "DGame.Web.Services\DGame.Web.Services.csproj", "{CC144EE9-49A8-4FC7-B0FE-C9D101EE20C0}"
EndProject
Project("{FAE04EC0-301F-11D3-BF4B-00C04F79EFBC}") = "DGame.DataModels", "DGame.DataModels\DGame.DataModels.csproj", "{54C1346F-A7FC-4B50-8F39-0A98373BF8FD}"
EndProject
Project("{FAE04EC0-301F-11D3-BF4B-00C04F79EFBC}") = "DGame.Data", "DGame.Data\DGame.Data.csproj", "{3D80DC84-3BF7-40DC-B813-00A0BD858DC8}"
EndProject
Global
	GlobalSection(SolutionConfigurationPlatforms) = preSolution
		Debug|Any CPU = Debug|Any CPU
		Release|Any CPU = Release|Any CPU
	EndGlobalSection
	GlobalSection(ProjectConfigurationPlatforms) = postSolution
		{8AE6D4C5-58D5-458E-8BC2-B8343BCDAE7F}.Debug|Any CPU.ActiveCfg = Debug|Any CPU
		{8AE6D4C5-58D5-458E-8BC2-B8343BCDAE7F}.Debug|Any CPU.Build.0 = Debug|Any CPU
		{8AE6D4C5-58D5-458E-8BC2-B8343BCDAE7F}.Release|Any CPU.ActiveCfg = Release|Any CPU
		{8AE6D4C5-58D5-458E-8BC2-B8343BCDAE7F}.Release|Any CPU.Build.0 = Release|Any CPU
		{CC144EE9-49A8-4FC7-B0FE-C9D101EE20C0}.Debug|Any CPU.ActiveCfg = Debug|Any CPU
		{CC144EE9-49A8-4FC7-B0FE-C9D101EE20C0}.Debug|Any CPU.Build.0 = Debug|Any CPU
		{CC144EE9-49A8-4FC7-B0FE-C9D101EE20C0}.Release|Any CPU.ActiveCfg = Release|Any CPU
		{CC144EE9-49A8-4FC7-B0FE-C9D101EE20C0}.Release|Any CPU.Build.0 = Release|Any CPU
		{54C1346F-A7FC-4B50-8F39-0A98373BF8FD}.Debug|Any CPU.ActiveCfg = Debug|Any CPU
		{54C1346F-A7FC-4B50-8F39-0A98373BF8FD}.Debug|Any CPU.Build.0 = Debug|Any CPU
		{54C1346F-A7FC-4B50-8F39-0A98373BF8FD}.Release|Any CPU.ActiveCfg = Release|Any CPU
		{54C1346F-A7FC-4B50-8F39-0A98373BF8FD}.Release|Any CPU.Build.0 = Release|Any CPU
		{3D80DC84-3BF7-40DC-B813-00A0BD858DC8}.Debug|Any CPU.ActiveCfg = Debug|Any CPU
		{3D80DC84-3BF7-40DC-B813-00A0BD858DC8}.Debug|Any CPU.Build.0 = Debug|Any CPU
		{3D80DC84-3BF7-40DC-B813-00A0BD858DC8}.Release|Any CPU.ActiveCfg = Release|Any CPU
		{3D80DC84-3BF7-40DC-B813-00A0BD858DC8}.Release|Any CPU.Build.0 = Release|Any CPU
	EndGlobalSection
	GlobalSection(SolutionProperties) = preSolution
		HideSolutionNode = FALSE
	EndGlobalSection
	GlobalSection(ExtensibilityGlobals) = postSolution
		SolutionGuid = {9044AE95-5347-48F4-B1C1-8B1FE39CAC48}
	EndGlobalSection
EndGlobal
